
Microsoft Visual Studio Solution File, Format Version 12.00
# Visual Studio 2013
VisualStudioVersion = 12.0.21005.1
MinimumVisualStudioVersion = 10.0.40219.1
Project("{FAE04EC0-301F-11D3-BF4B-00C04F79EFBC}") = "SEPApplication0", "SEPApplication0\SEPApplication0.csproj", "{71C71E7A-2D6E-4DD7-933B-97B25DA0BFF9}"
EndProject
Project("{FAE04EC0-301F-11D3-BF4B-00C04F79EFBC}") = "SEPApplication0.Tests", "SEPApplication0.Tests\SEPApplication0.Tests.csproj", "{94C907F9-FB98-4158-8DCF-E01AF0E51D92}"
EndProject
Global
	GlobalSection(SolutionConfigurationPlatforms) = preSolution
		Debug|Any CPU = Debug|Any CPU
		Release|Any CPU = Release|Any CPU
	EndGlobalSection
	GlobalSection(ProjectConfigurationPlatforms) = postSolution
		{71C71E7A-2D6E-4DD7-933B-97B25DA0BFF9}.Debug|Any CPU.ActiveCfg = Debug|Any CPU
		{71C71E7A-2D6E-4DD7-933B-97B25DA0BFF9}.Debug|Any CPU.Build.0 = Debug|Any CPU
		{71C71E7A-2D6E-4DD7-933B-97B25DA0BFF9}.Release|Any CPU.ActiveCfg = Release|Any CPU
		{71C71E7A-2D6E-4DD7-933B-97B25DA0BFF9}.Release|Any CPU.Build.0 = Release|Any CPU
		{94C907F9-FB98-4158-8DCF-E01AF0E51D92}.Debug|Any CPU.ActiveCfg = Debug|Any CPU
		{94C907F9-FB98-4158-8DCF-E01AF0E51D92}.Debug|Any CPU.Build.0 = Debug|Any CPU
		{94C907F9-FB98-4158-8DCF-E01AF0E51D92}.Release|Any CPU.ActiveCfg = Release|Any CPU
		{94C907F9-FB98-4158-8DCF-E01AF0E51D92}.Release|Any CPU.Build.0 = Release|Any CPU
	EndGlobalSection
	GlobalSection(SolutionProperties) = preSolution
		HideSolutionNode = FALSE
	EndGlobalSection
EndGlobal
